
Microsoft Visual Studio Solution File, Format Version 12.00
# Visual Studio Version 16
VisualStudioVersion = 16.0.30907.101
MinimumVisualStudioVersion = 10.0.40219.1
Project("{9A19103F-16F7-4668-BE54-9A1E7A4F7556}") = "ContaBancaria", "Source\ContaBancaria\ContaBancaria.csproj", "{BA5F02CF-5626-4C3D-A462-3285FBE53F4F}"
EndProject
Project("{FAE04EC0-301F-11D3-BF4B-00C04F79EFBC}") = "ContaBancaria.Core", "Source\ContaBancaria.Core\ContaBancaria.Core.csproj", "{32F456E4-17D8-4ECE-A1D2-5446995CF164}"
EndProject
Project("{2150E333-8FDC-42A3-9474-1A3956D46DE8}") = "Tests", "Tests", "{1ACBB65C-204F-4160-9F18-0E20CA6CBEB7}"
EndProject
Project("{FAE04EC0-301F-11D3-BF4B-00C04F79EFBC}") = "ContaBancaria.Core.Tests", "Source\Tests\ContaBancaria.Core.Tests\ContaBancaria.Core.Tests.csproj", "{DCC94F9A-F81C-4F48-A84A-EC9A8680F478}"
EndProject
Project("{FAE04EC0-301F-11D3-BF4B-00C04F79EFBC}") = "ContaBancaria.Infra", "Source\ContaBancaria.Infra\ContaBancaria.Infra.csproj", "{97ED4CF0-25C2-48AE-B963-9CA90F8C2685}"
EndProject
Global
	GlobalSection(SolutionConfigurationPlatforms) = preSolution
		Debug|Any CPU = Debug|Any CPU
		Release|Any CPU = Release|Any CPU
	EndGlobalSection
	GlobalSection(ProjectConfigurationPlatforms) = postSolution
		{BA5F02CF-5626-4C3D-A462-3285FBE53F4F}.Debug|Any CPU.ActiveCfg = Debug|Any CPU
		{BA5F02CF-5626-4C3D-A462-3285FBE53F4F}.Debug|Any CPU.Build.0 = Debug|Any CPU
		{BA5F02CF-5626-4C3D-A462-3285FBE53F4F}.Release|Any CPU.ActiveCfg = Release|Any CPU
		{BA5F02CF-5626-4C3D-A462-3285FBE53F4F}.Release|Any CPU.Build.0 = Release|Any CPU
		{32F456E4-17D8-4ECE-A1D2-5446995CF164}.Debug|Any CPU.ActiveCfg = Debug|Any CPU
		{32F456E4-17D8-4ECE-A1D2-5446995CF164}.Debug|Any CPU.Build.0 = Debug|Any CPU
		{32F456E4-17D8-4ECE-A1D2-5446995CF164}.Release|Any CPU.ActiveCfg = Release|Any CPU
		{32F456E4-17D8-4ECE-A1D2-5446995CF164}.Release|Any CPU.Build.0 = Release|Any CPU
		{DCC94F9A-F81C-4F48-A84A-EC9A8680F478}.Debug|Any CPU.ActiveCfg = Debug|Any CPU
		{DCC94F9A-F81C-4F48-A84A-EC9A8680F478}.Debug|Any CPU.Build.0 = Debug|Any CPU
		{DCC94F9A-F81C-4F48-A84A-EC9A8680F478}.Release|Any CPU.ActiveCfg = Release|Any CPU
		{DCC94F9A-F81C-4F48-A84A-EC9A8680F478}.Release|Any CPU.Build.0 = Release|Any CPU
		{97ED4CF0-25C2-48AE-B963-9CA90F8C2685}.Debug|Any CPU.ActiveCfg = Debug|Any CPU
		{97ED4CF0-25C2-48AE-B963-9CA90F8C2685}.Debug|Any CPU.Build.0 = Debug|Any CPU
		{97ED4CF0-25C2-48AE-B963-9CA90F8C2685}.Release|Any CPU.ActiveCfg = Release|Any CPU
		{97ED4CF0-25C2-48AE-B963-9CA90F8C2685}.Release|Any CPU.Build.0 = Release|Any CPU
	EndGlobalSection
	GlobalSection(SolutionProperties) = preSolution
		HideSolutionNode = FALSE
	EndGlobalSection
	GlobalSection(NestedProjects) = preSolution
		{DCC94F9A-F81C-4F48-A84A-EC9A8680F478} = {1ACBB65C-204F-4160-9F18-0E20CA6CBEB7}
	EndGlobalSection
	GlobalSection(ExtensibilityGlobals) = postSolution
		SolutionGuid = {DE390052-4B5F-45BC-BB6D-B181144715D2}
	EndGlobalSection
EndGlobal
